// !$*UTF8*$!
{
	archiveVersion = 1;
	classes = {
	};
	objectVersion = 46;
	objects = {

/* Begin PBXBuildFile section */
		D0553AA419E8201A00CA3C96 /* AppDelegate.swift in Sources */ = {isa = PBXBuildFile; fileRef = D0553AA319E8201A00CA3C96 /* AppDelegate.swift */; };
		D0553AA619E8201A00CA3C96 /* ViewController.swift in Sources */ = {isa = PBXBuildFile; fileRef = D0553AA519E8201A00CA3C96 /* ViewController.swift */; };
		D0553AA919E8201A00CA3C96 /* Main.storyboard in Resources */ = {isa = PBXBuildFile; fileRef = D0553AA719E8201A00CA3C96 /* Main.storyboard */; };
		D0553AAB19E8201A00CA3C96 /* Images.xcassets in Resources */ = {isa = PBXBuildFile; fileRef = D0553AAA19E8201A00CA3C96 /* Images.xcassets */; };
		D0553AAE19E8201A00CA3C96 /* LaunchScreen.xib in Resources */ = {isa = PBXBuildFile; fileRef = D0553AAC19E8201A00CA3C96 /* LaunchScreen.xib */; };
		D0553ABA19E8201A00CA3C96 /* CodeChallengeTwoTests.swift in Sources */ = {isa = PBXBuildFile; fileRef = D0553AB919E8201A00CA3C96 /* CodeChallengeTwoTests.swift */; };
		D0553AC419E821E300CA3C96 /* CustomTableViewCell.swift in Sources */ = {isa = PBXBuildFile; fileRef = D0553AC319E821E300CA3C96 /* CustomTableViewCell.swift */; };
		D0553AC619E8228600CA3C96 /* City.swift in Sources */ = {isa = PBXBuildFile; fileRef = D0553AC519E8228600CA3C96 /* City.swift */; };
/* End PBXBuildFile section */

/* Begin PBXContainerItemProxy section */
		D0553AB419E8201A00CA3C96 /* PBXContainerItemProxy */ = {
			isa = PBXContainerItemProxy;
			containerPortal = D0553A9619E8201900CA3C96 /* Project object */;
			proxyType = 1;
			remoteGlobalIDString = D0553A9D19E8201A00CA3C96;
			remoteInfo = CodeChallengeTwo;
		};
/* End PBXContainerItemProxy section */

/* Begin PBXFileReference section */
		D0553A9E19E8201A00CA3C96 /* CodeChallengeTwo.app */ = {isa = PBXFileReference; explicitFileType = wrapper.application; includeInIndex = 0; path = CodeChallengeTwo.app; sourceTree = BUILT_PRODUCTS_DIR; };
		D0553AA219E8201A00CA3C96 /* Info.plist */ = {isa = PBXFileReference; lastKnownFileType = text.plist.xml; path = Info.plist; sourceTree = "<group>"; };
		D0553AA319E8201A00CA3C96 /* AppDelegate.swift */ = {isa = PBXFileReference; lastKnownFileType = sourcecode.swift; path = AppDelegate.swift; sourceTree = "<group>"; };
		D0553AA519E8201A00CA3C96 /* ViewController.swift */ = {isa = PBXFileReference; lastKnownFileType = sourcecode.swift; path = ViewController.swift; sourceTree = "<group>"; };
		D0553AA819E8201A00CA3C96 /* Base */ = {isa = PBXFileReference; lastKnownFileType = file.storyboard; name = Base; path = Base.lproj/Main.storyboard; sourceTree = "<group>"; };
		D0553AAA19E8201A00CA3C96 /* Images.xcassets */ = {isa = PBXFileReference; lastKnownFileType = folder.assetcatalog; path = Images.xcassets; sourceTree = "<group>"; };
		D0553AAD19E8201A00CA3C96 /* Base */ = {isa = PBXFileReference; lastKnownFileType = file.xib; name = Base; path = Base.lproj/LaunchScreen.xib; sourceTree = "<group>"; };
		D0553AB319E8201A00CA3C96 /* CodeChallengeTwoTests.xctest */ = {isa = PBXFileReference; explicitFileType = wrapper.cfbundle; includeInIndex = 0; path = CodeChallengeTwoTests.xctest; sourceTree = BUILT_PRODUCTS_DIR; };
		D0553AB819E8201A00CA3C96 /* Info.plist */ = {isa = PBXFileReference; lastKnownFileType = text.plist.xml; path = Info.plist; sourceTree = "<group>"; };
		D0553AB919E8201A00CA3C96 /* CodeChallengeTwoTests.swift */ = {isa = PBXFileReference; lastKnownFileType = sourcecode.swift; path = CodeChallengeTwoTests.swift; sourceTree = "<group>"; };
		D0553AC319E821E300CA3C96 /* CustomTableViewCell.swift */ = {isa = PBXFileReference; fileEncoding = 4; lastKnownFileType = sourcecode.swift; path = CustomTableViewCell.swift; sourceTree = "<group>"; };
		D0553AC519E8228600CA3C96 /* City.swift */ = {isa = PBXFileReference; fileEncoding = 4; lastKnownFileType = sourcecode.swift; path = City.swift; sourceTree = "<group>"; };
/* End PBXFileReference section */

/* Begin PBXFrameworksBuildPhase section */
		D0553A9B19E8201A00CA3C96 /* Frameworks */ = {
			isa = PBXFrameworksBuildPhase;
			buildActionMask = 2147483647;
			files = (
			);
			runOnlyForDeploymentPostprocessing = 0;
		};
		D0553AB019E8201A00CA3C96 /* Frameworks */ = {
			isa = PBXFrameworksBuildPhase;
			buildActionMask = 2147483647;
			files = (
			);
			runOnlyForDeploymentPostprocessing = 0;
		};
/* End PBXFrameworksBuildPhase section */

/* Begin PBXGroup section */
		D0553A9519E8201900CA3C96 = {
			isa = PBXGroup;
			children = (
				D0553AA019E8201A00CA3C96 /* CodeChallengeTwo */,
				D0553AB619E8201A00CA3C96 /* CodeChallengeTwoTests */,
				D0553A9F19E8201A00CA3C96 /* Products */,
			);
			sourceTree = "<group>";
		};
		D0553A9F19E8201A00CA3C96 /* Products */ = {
			isa = PBXGroup;
			children = (
				D0553A9E19E8201A00CA3C96 /* CodeChallengeTwo.app */,
				D0553AB319E8201A00CA3C96 /* CodeChallengeTwoTests.xctest */,
			);
			name = Products;
			sourceTree = "<group>";
		};
		D0553AA019E8201A00CA3C96 /* CodeChallengeTwo */ = {
			isa = PBXGroup;
			children = (
				D0553AA319E8201A00CA3C96 /* AppDelegate.swift */,
				D0553AA519E8201A00CA3C96 /* ViewController.swift */,
				D0553AC519E8228600CA3C96 /* City.swift */,
				D0553AA719E8201A00CA3C96 /* Main.storyboard */,
				D0553AC319E821E300CA3C96 /* CustomTableViewCell.swift */,
				D0553AAA19E8201A00CA3C96 /* Images.xcassets */,
				D0553AAC19E8201A00CA3C96 /* LaunchScreen.xib */,
				D0553AA119E8201A00CA3C96 /* Supporting Files */,
			);
			path = CodeChallengeTwo;
			sourceTree = "<group>";
		};
		D0553AA119E8201A00CA3C96 /* Supporting Files */ = {
			isa = PBXGroup;
			children = (
				D0553AA219E8201A00CA3C96 /* Info.plist */,
			);
			name = "Supporting Files";
			sourceTree = "<group>";
		};
		D0553AB619E8201A00CA3C96 /* CodeChallengeTwoTests */ = {
			isa = PBXGroup;
			children = (
				D0553AB919E8201A00CA3C96 /* CodeChallengeTwoTests.swift */,
				D0553AB719E8201A00CA3C96 /* Supporting Files */,
			);
			path = CodeChallengeTwoTests;
			sourceTree = "<group>";
		};
		D0553AB719E8201A00CA3C96 /* Supporting Files */ = {
			isa = PBXGroup;
			children = (
				D0553AB819E8201A00CA3C96 /* Info.plist */,
			);
			name = "Supporting Files";
			sourceTree = "<group>";
		};
/* End PBXGroup section */

/* Begin PBXNativeTarget section */
		D0553A9D19E8201A00CA3C96 /* CodeChallengeTwo */ = {
			isa = PBXNativeTarget;
			buildConfigurationList = D0553ABD19E8201A00CA3C96 /* Build configuration list for PBXNativeTarget "CodeChallengeTwo" */;
			buildPhases = (
				D0553A9A19E8201A00CA3C96 /* Sources */,
				D0553A9B19E8201A00CA3C96 /* Frameworks */,
				D0553A9C19E8201A00CA3C96 /* Resources */,
			);
			buildRules = (
			);
			dependencies = (
			);
			name = CodeChallengeTwo;
			productName = CodeChallengeTwo;
			productReference = D0553A9E19E8201A00CA3C96 /* CodeChallengeTwo.app */;
			productType = "com.apple.product-type.application";
		};
		D0553AB219E8201A00CA3C96 /* CodeChallengeTwoTests */ = {
			isa = PBXNativeTarget;
			buildConfigurationList = D0553AC019E8201A00CA3C96 /* Build configuration list for PBXNativeTarget "CodeChallengeTwoTests" */;
			buildPhases = (
				D0553AAF19E8201A00CA3C96 /* Sources */,
				D0553AB019E8201A00CA3C96 /* Frameworks */,
				D0553AB119E8201A00CA3C96 /* Resources */,
			);
			buildRules = (
			);
			dependencies = (
				D0553AB519E8201A00CA3C96 /* PBXTargetDependency */,
			);
			name = CodeChallengeTwoTests;
			productName = CodeChallengeTwoTests;
			productReference = D0553AB319E8201A00CA3C96 /* CodeChallengeTwoTests.xctest */;
			productType = "com.apple.product-type.bundle.unit-test";
		};
/* End PBXNativeTarget section */

/* Begin PBXProject section */
		D0553A9619E8201900CA3C96 /* Project object */ = {
			isa = PBXProject;
			attributes = {
				LastUpgradeCheck = 0600;
				ORGANIZATIONNAME = "Peter Hitchcock";
				TargetAttributes = {
					D0553A9D19E8201A00CA3C96 = {
						CreatedOnToolsVersion = 6.0.1;
					};
					D0553AB219E8201A00CA3C96 = {
						CreatedOnToolsVersion = 6.0.1;
						TestTargetID = D0553A9D19E8201A00CA3C96;
					};
				};
			};
			buildConfigurationList = D0553A9919E8201900CA3C96 /* Build configuration list for PBXProject "CodeChallengeTwo" */;
			compatibilityVersion = "Xcode 3.2";
			developmentRegion = English;
			hasScannedForEncodings = 0;
			knownRegions = (
				en,
				Base,
			);
			mainGroup = D0553A9519E8201900CA3C96;
			productRefGroup = D0553A9F19E8201A00CA3C96 /* Products */;
			projectDirPath = "";
			projectRoot = "";
			targets = (
				D0553A9D19E8201A00CA3C96 /* CodeChallengeTwo */,
				D0553AB219E8201A00CA3C96 /* CodeChallengeTwoTests */,
			);
		};
/* End PBXProject section */

/* Begin PBXResourcesBuildPhase section */
		D0553A9C19E8201A00CA3C96 /* Resources */ = {
			isa = PBXResourcesBuildPhase;
			buildActionMask = 2147483647;
			files = (
				D0553AA919E8201A00CA3C96 /* Main.storyboard in Resources */,
				D0553AAE19E8201A00CA3C96 /* LaunchScreen.xib in Resources */,
				D0553AAB19E8201A00CA3C96 /* Images.xcassets in Resources */,
			);
			runOnlyForDeploymentPostprocessing = 0;
		};
		D0553AB119E8201A00CA3C96 /* Resources */ = {
			isa = PBXResourcesBuildPhase;
			buildActionMask = 2147483647;
			files = (
			);
			runOnlyForDeploymentPostprocessing = 0;
		};
/* End PBXResourcesBuildPhase section */

/* Begin PBXSourcesBuildPhase section */
		D0553A9A19E8201A00CA3C96 /* Sources */ = {
			isa = PBXSourcesBuildPhase;
			buildActionMask = 2147483647;
			files = (
				D0553AC419E821E300CA3C96 /* CustomTableViewCell.swift in Sources */,
				D0553AA619E8201A00CA3C96 /* ViewController.swift in Sources */,
				D0553AC619E8228600CA3C96 /* City.swift in Sources */,
				D0553AA419E8201A00CA3C96 /* AppDelegate.swift in Sources */,
			);
			runOnlyForDeploymentPostprocessing = 0;
		};
		D0553AAF19E8201A00CA3C96 /* Sources */ = {
			isa = PBXSourcesBuildPhase;
			buildActionMask = 2147483647;
			files = (
				D0553ABA19E8201A00CA3C96 /* CodeChallengeTwoTests.swift in Sources */,
			);
			runOnlyForDeploymentPostprocessing = 0;
		};
/* End PBXSourcesBuildPhase section */

/* Begin PBXTargetDependency section */
		D0553AB519E8201A00CA3C96 /* PBXTargetDependency */ = {
			isa = PBXTargetDependency;
			target = D0553A9D19E8201A00CA3C96 /* CodeChallengeTwo */;
			targetProxy = D0553AB419E8201A00CA3C96 /* PBXContainerItemProxy */;
		};
/* End PBXTargetDependency section */

/* Begin PBXVariantGroup section */
		D0553AA719E8201A00CA3C96 /* Main.storyboard */ = {
			isa = PBXVariantGroup;
			children = (
				D0553AA819E8201A00CA3C96 /* Base */,
			);
			name = Main.storyboard;
			sourceTree = "<group>";
		};
		D0553AAC19E8201A00CA3C96 /* LaunchScreen.xib */ = {
			isa = PBXVariantGroup;
			children = (
				D0553AAD19E8201A00CA3C96 /* Base */,
			);
			name = LaunchScreen.xib;
			sourceTree = "<group>";
		};
/* End PBXVariantGroup section */

/* Begin XCBuildConfiguration section */
		D0553ABB19E8201A00CA3C96 /* Debug */ = {
			isa = XCBuildConfiguration;
			buildSettings = {
				ALWAYS_SEARCH_USER_PATHS = NO;
				CLANG_CXX_LANGUAGE_STANDARD = "gnu++0x";
				CLANG_CXX_LIBRARY = "libc++";
				CLANG_ENABLE_MODULES = YES;
				CLANG_ENABLE_OBJC_ARC = YES;
				CLANG_WARN_BOOL_CONVERSION = YES;
				CLANG_WARN_CONSTANT_CONVERSION = YES;
				CLANG_WARN_DIRECT_OBJC_ISA_USAGE = YES_ERROR;
				CLANG_WARN_EMPTY_BODY = YES;
				CLANG_WARN_ENUM_CONVERSION = YES;
				CLANG_WARN_INT_CONVERSION = YES;
				CLANG_WARN_OBJC_ROOT_CLASS = YES_ERROR;
				CLANG_WARN_UNREACHABLE_CODE = YES;
				CLANG_WARN__DUPLICATE_METHOD_MATCH = YES;
				"CODE_SIGN_IDENTITY[sdk=iphoneos*]" = "iPhone Developer";
				COPY_PHASE_STRIP = NO;
				ENABLE_STRICT_OBJC_MSGSEND = YES;
				GCC_C_LANGUAGE_STANDARD = gnu99;
				GCC_DYNAMIC_NO_PIC = NO;
				GCC_OPTIMIZATION_LEVEL = 0;
				GCC_PREPROCESSOR_DEFINITIONS = (
					"DEBUG=1",
					"$(inherited)",
				);
				GCC_SYMBOLS_PRIVATE_EXTERN = NO;
				GCC_WARN_64_TO_32_BIT_CONVERSION = YES;
				GCC_WARN_ABOUT_RETURN_TYPE = YES_ERROR;
				GCC_WARN_UNDECLARED_SELECTOR = YES;
				GCC_WARN_UNINITIALIZED_AUTOS = YES_AGGRESSIVE;
				GCC_WARN_UNUSED_FUNCTION = YES;
				GCC_WARN_UNUSED_VARIABLE = YES;
				IPHONEOS_DEPLOYMENT_TARGET = 8.0;
				MTL_ENABLE_DEBUG_INFO = YES;
				ONLY_ACTIVE_ARCH = YES;
				SDKROOT = iphoneos;
				SWIFT_OPTIMIZATION_LEVEL = "-Onone";
			};
			name = Debug;
		};
		D0553ABC19E8201A00CA3C96 /* Release */ = {
			isa = XCBuildConfiguration;
			buildSettings = {
				ALWAYS_SEARCH_USER_PATHS = NO;
				CLANG_CXX_LANGUAGE_STANDARD = "gnu++0x";
				CLANG_CXX_LIBRARY = "libc++";
				CLANG_ENABLE_MODULES = YES;
				CLANG_ENABLE_OBJC_ARC = YES;
				CLANG_WARN_BOOL_CONVERSION = YES;
				CLANG_WARN_CONSTANT_CONVERSION = YES;
				CLANG_WARN_DIRECT_OBJC_ISA_USAGE = YES_ERROR;
				CLANG_WARN_EMPTY_BODY = YES;
				CLANG_WARN_ENUM_CONVERSION = YES;
				CLANG_WARN_INT_CONVERSION = YES;
				CLANG_WARN_OBJC_ROOT_CLASS = YES_ERROR;
				CLANG_WARN_UNREACHABLE_CODE = YES;
				CLANG_WARN__DUPLICATE_METHOD_MATCH = YES;
				"CODE_SIGN_IDENTITY[sdk=iphoneos*]" = "iPhone Developer";
				COPY_PHASE_STRIP = YES;
				ENABLE_NS_ASSERTIONS = NO;
				ENABLE_STRICT_OBJC_MSGSEND = YES;
				GCC_C_LANGUAGE_STANDARD = gnu99;
				GCC_WARN_64_TO_32_BIT_CONVERSION = YES;
				GCC_WARN_ABOUT_RETURN_TYPE = YES_ERROR;
				GCC_WARN_UNDECLARED_SELECTOR = YES;
				GCC_WARN_UNINITIALIZED_AUTOS = YES_AGGRESSIVE;
				GCC_WARN_UNUSED_FUNCTION = YES;
				GCC_WARN_UNUSED_VARIABLE = YES;
				IPHONEOS_DEPLOYMENT_TARGET = 8.0;
				MTL_ENABLE_DEBUG_INFO = NO;
				SDKROOT = iphoneos;
				VALIDATE_PRODUCT = YES;
			};
			name = Release;
		};
		D0553ABE19E8201A00CA3C96 /* Debug */ = {
			isa = XCBuildConfiguration;
			buildSettings = {
				ASSETCATALOG_COMPILER_APPICON_NAME = AppIcon;
				INFOPLIST_FILE = CodeChallengeTwo/Info.plist;
				LD_RUNPATH_SEARCH_PATHS = "$(inherited) @executable_path/Frameworks";
				PRODUCT_NAME = "$(TARGET_NAME)";
			};
			name = Debug;
		};
		D0553ABF19E8201A00CA3C96 /* Release */ = {
			isa = XCBuildConfiguration;
			buildSettings = {
				ASSETCATALOG_COMPILER_APPICON_NAME = AppIcon;
				INFOPLIST_FILE = CodeChallengeTwo/Info.plist;
				LD_RUNPATH_SEARCH_PATHS = "$(inherited) @executable_path/Frameworks";
				PRODUCT_NAME = "$(TARGET_NAME)";
			};
			name = Release;
		};
		D0553AC119E8201A00CA3C96 /* Debug */ = {
			isa = XCBuildConfiguration;
			buildSettings = {
				BUNDLE_LOADER = "$(TEST_HOST)";
				FRAMEWORK_SEARCH_PATHS = (
					"$(SDKROOT)/Developer/Library/Frameworks",
					"$(inherited)",
				);
				GCC_PREPROCESSOR_DEFINITIONS = (
					"DEBUG=1",
					"$(inherited)",
				);
				INFOPLIST_FILE = CodeChallengeTwoTests/Info.plist;
				LD_RUNPATH_SEARCH_PATHS = "$(inherited) @executable_path/Frameworks @loader_path/Frameworks";
				PRODUCT_NAME = "$(TARGET_NAME)";
				TEST_HOST = "$(BUILT_PRODUCTS_DIR)/CodeChallengeTwo.app/CodeChallengeTwo";
			};
			name = Debug;
		};
		D0553AC219E8201A00CA3C96 /* Release */ = {
			isa = XCBuildConfiguration;
			buildSettings = {
				BUNDLE_LOADER = "$(TEST_HOST)";
				FRAMEWORK_SEARCH_PATHS = (
					"$(SDKROOT)/Developer/Library/Frameworks",
					"$(inherited)",
				);
				INFOPLIST_FILE = CodeChallengeTwoTests/Info.plist;
				LD_RUNPATH_SEARCH_PATHS = "$(inherited) @executable_path/Frameworks @loader_path/Frameworks";
				PRODUCT_NAME = "$(TARGET_NAME)";
				TEST_HOST = "$(BUILT_PRODUCTS_DIR)/CodeChallengeTwo.app/CodeChallengeTwo";
			};
			name = Release;
		};
/* End XCBuildConfiguration section */

/* Begin XCConfigurationList section */
		D0553A9919E8201900CA3C96 /* Build configuration list for PBXProject "CodeChallengeTwo" */ = {
			isa = XCConfigurationList;
			buildConfigurations = (
				D0553ABB19E8201A00CA3C96 /* Debug */,
				D0553ABC19E8201A00CA3C96 /* Release */,
			);
			defaultConfigurationIsVisible = 0;
			defaultConfigurationName = Release;
		};
		D0553ABD19E8201A00CA3C96 /* Build configuration list for PBXNativeTarget "CodeChallengeTwo" */ = {
			isa = XCConfigurationList;
			buildConfigurations = (
				D0553ABE19E8201A00CA3C96 /* Debug */,
				D0553ABF19E8201A00CA3C96 /* Release */,
			);
			defaultConfigurationIsVisible = 0;
		};
		D0553AC019E8201A00CA3C96 /* Build configuration list for PBXNativeTarget "CodeChallengeTwoTests" */ = {
			isa = XCConfigurationList;
			buildConfigurations = (
				D0553AC119E8201A00CA3C96 /* Debug */,
				D0553AC219E8201A00CA3C96 /* Release */,
			);
			defaultConfigurationIsVisible = 0;
		};
/* End XCConfigurationList section */
	};
	rootObject = D0553A9619E8201900CA3C96 /* Project object */;
}
